# This file is automatically @generated by Cargo.
# It is not intended for manual editing.
version = 4

[[package]]
name = "diet-coke-rust-integration"
version = "0.3.0"
dependencies = [
 "diet-coke-sort",
]

[[package]]
name = "diet-coke-sort"
version = "0.2.0"
source = "git+https://github.com/austinjsisinni/diet-coke-sort?rev=b1cff46595fe9c630b117ff44ccd129c81e423dd#b1cff46595fe9c630b117ff44ccd129c81e423dd"
